
Microsoft Visual Studio Solution File, Format Version 12.00
# Visual Studio Version 16
VisualStudioVersion = 16.0.29728.190
MinimumVisualStudioVersion = 10.0.40219.1
Project("{FAE04EC0-301F-11D3-BF4B-00C04F79EFBC}") = "SalesProject", "SalesProject\SalesProject.csproj", "{F114DC2C-49D9-4876-AABB-5D5272818E7A}"
EndProject
Global
	GlobalSection(SolutionConfigurationPlatforms) = preSolution
		Debug|Any CPU = Debug|Any CPU
		Release|Any CPU = Release|Any CPU
	EndGlobalSection
	GlobalSection(ProjectConfigurationPlatforms) = postSolution
		{F114DC2C-49D9-4876-AABB-5D5272818E7A}.Debug|Any CPU.ActiveCfg = Debug|Any CPU
		{F114DC2C-49D9-4876-AABB-5D5272818E7A}.Debug|Any CPU.Build.0 = Debug|Any CPU
		{F114DC2C-49D9-4876-AABB-5D5272818E7A}.Release|Any CPU.ActiveCfg = Release|Any CPU
		{F114DC2C-49D9-4876-AABB-5D5272818E7A}.Release|Any CPU.Build.0 = Release|Any CPU
	EndGlobalSection
	GlobalSection(SolutionProperties) = preSolution
		HideSolutionNode = FALSE
	EndGlobalSection
	GlobalSection(ExtensibilityGlobals) = postSolution
		SolutionGuid = {A1F82CFF-31C8-46E4-89D2-08DC7C06AD70}
	EndGlobalSection
EndGlobal
